
Microsoft Visual Studio Solution File, Format Version 12.00
Project("{FAE04EC0-301F-11D3-BF4B-00C04F79EFBC}") = "EventSystem.Classes", "EventSystem.Classes\EventSystem.Classes.csproj", "{EDBDCDFD-BEBC-498E-AED9-3FD1E0037C63}"
EndProject
Project("{FAE04EC0-301F-11D3-BF4B-00C04F79EFBC}") = "EventSystem.App", "EventSystem.App\EventSystem.App.csproj", "{D8911DB4-D032-4237-8407-0E3E2C4CE73B}"
EndProject
Project("{FAE04EC0-301F-11D3-BF4B-00C04F79EFBC}") = "EventSystem.Tests", "EventSystem.Tests\EventSystem.Tests.csproj", "{9D6C0855-5CD3-498A-AE89-AAC2D59DD5DE}"
EndProject
Global
	GlobalSection(SolutionConfigurationPlatforms) = preSolution
		Debug|Any CPU = Debug|Any CPU
		Release|Any CPU = Release|Any CPU
	EndGlobalSection
	GlobalSection(ProjectConfigurationPlatforms) = postSolution
		{EDBDCDFD-BEBC-498E-AED9-3FD1E0037C63}.Debug|Any CPU.ActiveCfg = Debug|Any CPU
		{EDBDCDFD-BEBC-498E-AED9-3FD1E0037C63}.Debug|Any CPU.Build.0 = Debug|Any CPU
		{EDBDCDFD-BEBC-498E-AED9-3FD1E0037C63}.Release|Any CPU.ActiveCfg = Release|Any CPU
		{EDBDCDFD-BEBC-498E-AED9-3FD1E0037C63}.Release|Any CPU.Build.0 = Release|Any CPU
		{D8911DB4-D032-4237-8407-0E3E2C4CE73B}.Debug|Any CPU.ActiveCfg = Debug|Any CPU
		{D8911DB4-D032-4237-8407-0E3E2C4CE73B}.Debug|Any CPU.Build.0 = Debug|Any CPU
		{D8911DB4-D032-4237-8407-0E3E2C4CE73B}.Release|Any CPU.ActiveCfg = Release|Any CPU
		{D8911DB4-D032-4237-8407-0E3E2C4CE73B}.Release|Any CPU.Build.0 = Release|Any CPU
		{9D6C0855-5CD3-498A-AE89-AAC2D59DD5DE}.Debug|Any CPU.ActiveCfg = Debug|Any CPU
		{9D6C0855-5CD3-498A-AE89-AAC2D59DD5DE}.Debug|Any CPU.Build.0 = Debug|Any CPU
		{9D6C0855-5CD3-498A-AE89-AAC2D59DD5DE}.Release|Any CPU.ActiveCfg = Release|Any CPU
		{9D6C0855-5CD3-498A-AE89-AAC2D59DD5DE}.Release|Any CPU.Build.0 = Release|Any CPU
	EndGlobalSection
EndGlobal
